// !$*UTF8*$!
{
	archiveVersion = 1;
	classes = {
	};
	objectVersion = 55;
	objects = {

/* Begin PBXBuildFile section */
		9C20CF9327B141D300E24900 /* AppDelegate.swift in Sources */ = {isa = PBXBuildFile; fileRef = 9C20CF9227B141D300E24900 /* AppDelegate.swift */; };
		9C20CF9527B141D300E24900 /* SceneDelegate.swift in Sources */ = {isa = PBXBuildFile; fileRef = 9C20CF9427B141D300E24900 /* SceneDelegate.swift */; };
		9C20CF9727B141D300E24900 /* ViewController.swift in Sources */ = {isa = PBXBuildFile; fileRef = 9C20CF9627B141D300E24900 /* ViewController.swift */; };
		9C20CF9A27B141D300E24900 /* Main.storyboard in Resources */ = {isa = PBXBuildFile; fileRef = 9C20CF9827B141D300E24900 /* Main.storyboard */; };
		9C20CF9C27B141D500E24900 /* Assets.xcassets in Resources */ = {isa = PBXBuildFile; fileRef = 9C20CF9B27B141D500E24900 /* Assets.xcassets */; };
		9C20CF9F27B141D500E24900 /* LaunchScreen.storyboard in Resources */ = {isa = PBXBuildFile; fileRef = 9C20CF9D27B141D500E24900 /* LaunchScreen.storyboard */; };
		9C20CFEB27B26F5F00E24900 /* LoginViewController.swift in Sources */ = {isa = PBXBuildFile; fileRef = 9C20CFEA27B26F5F00E24900 /* LoginViewController.swift */; };
		9C438D9B27B959BC00A67E1E /* CreateAccViewController.swift in Sources */ = {isa = PBXBuildFile; fileRef = 9C438D9A27B959BC00A67E1E /* CreateAccViewController.swift */; };
		9C438D9D27B95A3000A67E1E /* ForgotPasswordViewController.swift in Sources */ = {isa = PBXBuildFile; fileRef = 9C438D9C27B95A3000A67E1E /* ForgotPasswordViewController.swift */; };
/* End PBXBuildFile section */

/* Begin PBXFileReference section */
		9C20CF8F27B141D300E24900 /* macaroons.app */ = {isa = PBXFileReference; explicitFileType = wrapper.application; includeInIndex = 0; path = macaroons.app; sourceTree = BUILT_PRODUCTS_DIR; };
		9C20CF9227B141D300E24900 /* AppDelegate.swift */ = {isa = PBXFileReference; lastKnownFileType = sourcecode.swift; path = AppDelegate.swift; sourceTree = "<group>"; };
		9C20CF9427B141D300E24900 /* SceneDelegate.swift */ = {isa = PBXFileReference; lastKnownFileType = sourcecode.swift; path = SceneDelegate.swift; sourceTree = "<group>"; };
		9C20CF9627B141D300E24900 /* ViewController.swift */ = {isa = PBXFileReference; lastKnownFileType = sourcecode.swift; path = ViewController.swift; sourceTree = "<group>"; };
		9C20CF9927B141D300E24900 /* Base */ = {isa = PBXFileReference; lastKnownFileType = file.storyboard; name = Base; path = Base.lproj/Main.storyboard; sourceTree = "<group>"; };
		9C20CF9B27B141D500E24900 /* Assets.xcassets */ = {isa = PBXFileReference; lastKnownFileType = folder.assetcatalog; path = Assets.xcassets; sourceTree = "<group>"; };
		9C20CF9E27B141D500E24900 /* Base */ = {isa = PBXFileReference; lastKnownFileType = file.storyboard; name = Base; path = Base.lproj/LaunchScreen.storyboard; sourceTree = "<group>"; };
		9C20CFA027B141D500E24900 /* Info.plist */ = {isa = PBXFileReference; lastKnownFileType = text.plist.xml; path = Info.plist; sourceTree = "<group>"; };
		9C20CFEA27B26F5F00E24900 /* LoginViewController.swift */ = {isa = PBXFileReference; lastKnownFileType = sourcecode.swift; path = LoginViewController.swift; sourceTree = "<group>"; };
		9C438D9A27B959BC00A67E1E /* CreateAccViewController.swift */ = {isa = PBXFileReference; lastKnownFileType = sourcecode.swift; path = CreateAccViewController.swift; sourceTree = "<group>"; };
		9C438D9C27B95A3000A67E1E /* ForgotPasswordViewController.swift */ = {isa = PBXFileReference; lastKnownFileType = sourcecode.swift; path = ForgotPasswordViewController.swift; sourceTree = "<group>"; };
/* End PBXFileReference section */

/* Begin PBXFrameworksBuildPhase section */
		9C20CF8C27B141D300E24900 /* Frameworks */ = {
			isa = PBXFrameworksBuildPhase;
			buildActionMask = 2147483647;
			files = (
			);
			runOnlyForDeploymentPostprocessing = 0;
		};
/* End PBXFrameworksBuildPhase section */

/* Begin PBXGroup section */
		9C20CF8627B141D300E24900 = {
			isa = PBXGroup;
			children = (
				9C20CF9127B141D300E24900 /* macaroons */,
				9C20CF9027B141D300E24900 /* Products */,
			);
			sourceTree = "<group>";
		};
		9C20CF9027B141D300E24900 /* Products */ = {
			isa = PBXGroup;
			children = (
				9C20CF8F27B141D300E24900 /* macaroons.app */,
			);
			name = Products;
			sourceTree = "<group>";
		};
		9C20CF9127B141D300E24900 /* macaroons */ = {
			isa = PBXGroup;
			children = (
				9C20CF9227B141D300E24900 /* AppDelegate.swift */,
				9C20CF9427B141D300E24900 /* SceneDelegate.swift */,
				9C20CF9627B141D300E24900 /* ViewController.swift */,
				9C20CFEA27B26F5F00E24900 /* LoginViewController.swift */,
				9C438D9A27B959BC00A67E1E /* CreateAccViewController.swift */,
				9C438D9C27B95A3000A67E1E /* ForgotPasswordViewController.swift */,
				9C20CF9827B141D300E24900 /* Main.storyboard */,
				9C20CF9B27B141D500E24900 /* Assets.xcassets */,
				9C20CF9D27B141D500E24900 /* LaunchScreen.storyboard */,
				9C20CFA027B141D500E24900 /* Info.plist */,
			);
			path = macaroons;
			sourceTree = "<group>";
		};
/* End PBXGroup section */

/* Begin PBXNativeTarget section */
		9C20CF8E27B141D300E24900 /* macaroons */ = {
			isa = PBXNativeTarget;
			buildConfigurationList = 9C20CFA327B141D500E24900 /* Build configuration list for PBXNativeTarget "macaroons" */;
			buildPhases = (
				9C20CF8B27B141D300E24900 /* Sources */,
				9C20CF8C27B141D300E24900 /* Frameworks */,
				9C20CF8D27B141D300E24900 /* Resources */,
			);
			buildRules = (
			);
			dependencies = (
			);
			name = macaroons;
			productName = macaroons;
			productReference = 9C20CF8F27B141D300E24900 /* macaroons.app */;
			productType = "com.apple.product-type.application";
		};
/* End PBXNativeTarget section */

/* Begin PBXProject section */
		9C20CF8727B141D300E24900 /* Project object */ = {
			isa = PBXProject;
			attributes = {
				BuildIndependentTargetsInParallel = 1;
				LastSwiftUpdateCheck = 1320;
				LastUpgradeCheck = 1320;
				TargetAttributes = {
					9C20CF8E27B141D300E24900 = {
						CreatedOnToolsVersion = 13.2.1;
					};
				};
			};
			buildConfigurationList = 9C20CF8A27B141D300E24900 /* Build configuration list for PBXProject "macaroons" */;
			compatibilityVersion = "Xcode 13.0";
			developmentRegion = en;
			hasScannedForEncodings = 0;
			knownRegions = (
				en,
				Base,
			);
			mainGroup = 9C20CF8627B141D300E24900;
			productRefGroup = 9C20CF9027B141D300E24900 /* Products */;
			projectDirPath = "";
			projectRoot = "";
			targets = (
				9C20CF8E27B141D300E24900 /* macaroons */,
			);
		};
/* End PBXProject section */

/* Begin PBXResourcesBuildPhase section */
		9C20CF8D27B141D300E24900 /* Resources */ = {
			isa = PBXResourcesBuildPhase;
			buildActionMask = 2147483647;
			files = (
				9C20CF9F27B141D500E24900 /* LaunchScreen.storyboard in Resources */,
				9C20CF9C27B141D500E24900 /* Assets.xcassets in Resources */,
				9C20CF9A27B141D300E24900 /* Main.storyboard in Resources */,
			);
			runOnlyForDeploymentPostprocessing = 0;
		};
/* End PBXResourcesBuildPhase section */

/* Begin PBXSourcesBuildPhase section */
		9C20CF8B27B141D300E24900 /* Sources */ = {
			isa = PBXSourcesBuildPhase;
			buildActionMask = 2147483647;
			files = (
				9C20CFEB27B26F5F00E24900 /* LoginViewController.swift in Sources */,
				9C20CF9727B141D300E24900 /* ViewController.swift in Sources */,
				9C438D9D27B95A3000A67E1E /* ForgotPasswordViewController.swift in Sources */,
				9C20CF9327B141D300E24900 /* AppDelegate.swift in Sources */,
				9C20CF9527B141D300E24900 /* SceneDelegate.swift in Sources */,
				9C438D9B27B959BC00A67E1E /* CreateAccViewController.swift in Sources */,
			);
			runOnlyForDeploymentPostprocessing = 0;
		};
/* End PBXSourcesBuildPhase section */

/* Begin PBXVariantGroup section */
		9C20CF9827B141D300E24900 /* Main.storyboard */ = {
			isa = PBXVariantGroup;
			children = (
				9C20CF9927B141D300E24900 /* Base */,
			);
			name = Main.storyboard;
			sourceTree = "<group>";
		};
		9C20CF9D27B141D500E24900 /* LaunchScreen.storyboard */ = {
			isa = PBXVariantGroup;
			children = (
				9C20CF9E27B141D500E24900 /* Base */,
			);
			name = LaunchScreen.storyboard;
			sourceTree = "<group>";
		};
/* End PBXVariantGroup section */

/* Begin XCBuildConfiguration section */
		9C20CFA127B141D500E24900 /* Debug */ = {
			isa = XCBuildConfiguration;
			buildSettings = {
				ALWAYS_SEARCH_USER_PATHS = NO;
				CLANG_ANALYZER_NONNULL = YES;
				CLANG_ANALYZER_NUMBER_OBJECT_CONVERSION = YES_AGGRESSIVE;
				CLANG_CXX_LANGUAGE_STANDARD = "gnu++17";
				CLANG_CXX_LIBRARY = "libc++";
				CLANG_ENABLE_MODULES = YES;
				CLANG_ENABLE_OBJC_ARC = YES;
				CLANG_ENABLE_OBJC_WEAK = YES;
				CLANG_WARN_BLOCK_CAPTURE_AUTORELEASING = YES;
				CLANG_WARN_BOOL_CONVERSION = YES;
				CLANG_WARN_COMMA = YES;
				CLANG_WARN_CONSTANT_CONVERSION = YES;
				CLANG_WARN_DEPRECATED_OBJC_IMPLEMENTATIONS = YES;
				CLANG_WARN_DIRECT_OBJC_ISA_USAGE = YES_ERROR;
				CLANG_WARN_DOCUMENTATION_COMMENTS = YES;
				CLANG_WARN_EMPTY_BODY = YES;
				CLANG_WARN_ENUM_CONVERSION = YES;
				CLANG_WARN_INFINITE_RECURSION = YES;
				CLANG_WARN_INT_CONVERSION = YES;
				CLANG_WARN_NON_LITERAL_NULL_CONVERSION = YES;
				CLANG_WARN_OBJC_IMPLICIT_RETAIN_SELF = YES;
				CLANG_WARN_OBJC_LITERAL_CONVERSION = YES;
				CLANG_WARN_OBJC_ROOT_CLASS = YES_ERROR;
				CLANG_WARN_QUOTED_INCLUDE_IN_FRAMEWORK_HEADER = YES;
				CLANG_WARN_RANGE_LOOP_ANALYSIS = YES;
				CLANG_WARN_STRICT_PROTOTYPES = YES;
				CLANG_WARN_SUSPICIOUS_MOVE = YES;
				CLANG_WARN_UNGUARDED_AVAILABILITY = YES_AGGRESSIVE;
				CLANG_WARN_UNREACHABLE_CODE = YES;
				CLANG_WARN__DUPLICATE_METHOD_MATCH = YES;
				COPY_PHASE_STRIP = NO;
				DEBUG_INFORMATION_FORMAT = dwarf;
				ENABLE_STRICT_OBJC_MSGSEND = YES;
				ENABLE_TESTABILITY = YES;
				GCC_C_LANGUAGE_STANDARD = gnu11;
				GCC_DYNAMIC_NO_PIC = NO;
				GCC_NO_COMMON_BLOCKS = YES;
				GCC_OPTIMIZATION_LEVEL = 0;
				GCC_PREPROCESSOR_DEFINITIONS = (
					"DEBUG=1",
					"$(inherited)",
				);
				GCC_WARN_64_TO_32_BIT_CONVERSION = YES;
				GCC_WARN_ABOUT_RETURN_TYPE = YES_ERROR;
				GCC_WARN_UNDECLARED_SELECTOR = YES;
				GCC_WARN_UNINITIALIZED_AUTOS = YES_AGGRESSIVE;
				GCC_WARN_UNUSED_FUNCTION = YES;
				GCC_WARN_UNUSED_VARIABLE = YES;
				IPHONEOS_DEPLOYMENT_TARGET = 15.2;
				MTL_ENABLE_DEBUG_INFO = INCLUDE_SOURCE;
				MTL_FAST_MATH = YES;
				ONLY_ACTIVE_ARCH = YES;
				SDKROOT = iphoneos;
				SWIFT_ACTIVE_COMPILATION_CONDITIONS = DEBUG;
				SWIFT_OPTIMIZATION_LEVEL = "-Onone";
			};
			name = Debug;
		};
		9C20CFA227B141D500E24900 /* Release */ = {
			isa = XCBuildConfiguration;
			buildSettings = {
				ALWAYS_SEARCH_USER_PATHS = NO;
				CLANG_ANALYZER_NONNULL = YES;
				CLANG_ANALYZER_NUMBER_OBJECT_CONVERSION = YES_AGGRESSIVE;
				CLANG_CXX_LANGUAGE_STANDARD = "gnu++17";
				CLANG_CXX_LIBRARY = "libc++";
				CLANG_ENABLE_MODULES = YES;
				CLANG_ENABLE_OBJC_ARC = YES;
				CLANG_ENABLE_OBJC_WEAK = YES;
				CLANG_WARN_BLOCK_CAPTURE_AUTORELEASING = YES;
				CLANG_WARN_BOOL_CONVERSION = YES;
				CLANG_WARN_COMMA = YES;
				CLANG_WARN_CONSTANT_CONVERSION = YES;
				CLANG_WARN_DEPRECATED_OBJC_IMPLEMENTATIONS = YES;
				CLANG_WARN_DIRECT_OBJC_ISA_USAGE = YES_ERROR;
				CLANG_WARN_DOCUMENTATION_COMMENTS = YES;
				CLANG_WARN_EMPTY_BODY = YES;
				CLANG_WARN_ENUM_CONVERSION = YES;
				CLANG_WARN_INFINITE_RECURSION = YES;
				CLANG_WARN_INT_CONVERSION = YES;
				CLANG_WARN_NON_LITERAL_NULL_CONVERSION = YES;
				CLANG_WARN_OBJC_IMPLICIT_RETAIN_SELF = YES;
				CLANG_WARN_OBJC_LITERAL_CONVERSION = YES;
				CLANG_WARN_OBJC_ROOT_CLASS = YES_ERROR;
				CLANG_WARN_QUOTED_INCLUDE_IN_FRAMEWORK_HEADER = YES;
				CLANG_WARN_RANGE_LOOP_ANALYSIS = YES;
				CLANG_WARN_STRICT_PROTOTYPES = YES;
				CLANG_WARN_SUSPICIOUS_MOVE = YES;
				CLANG_WARN_UNGUARDED_AVAILABILITY = YES_AGGRESSIVE;
				CLANG_WARN_UNREACHABLE_CODE = YES;
				CLANG_WARN__DUPLICATE_METHOD_MATCH = YES;
				COPY_PHASE_STRIP = NO;
				DEBUG_INFORMATION_FORMAT = "dwarf-with-dsym";
				ENABLE_NS_ASSERTIONS = NO;
				ENABLE_STRICT_OBJC_MSGSEND = YES;
				GCC_C_LANGUAGE_STANDARD = gnu11;
				GCC_NO_COMMON_BLOCKS = YES;
				GCC_WARN_64_TO_32_BIT_CONVERSION = YES;
				GCC_WARN_ABOUT_RETURN_TYPE = YES_ERROR;
				GCC_WARN_UNDECLARED_SELECTOR = YES;
				GCC_WARN_UNINITIALIZED_AUTOS = YES_AGGRESSIVE;
				GCC_WARN_UNUSED_FUNCTION = YES;
				GCC_WARN_UNUSED_VARIABLE = YES;
				IPHONEOS_DEPLOYMENT_TARGET = 15.2;
				MTL_ENABLE_DEBUG_INFO = NO;
				MTL_FAST_MATH = YES;
				SDKROOT = iphoneos;
				SWIFT_COMPILATION_MODE = wholemodule;
				SWIFT_OPTIMIZATION_LEVEL = "-O";
				VALIDATE_PRODUCT = YES;
			};
			name = Release;
		};
		9C20CFA427B141D500E24900 /* Debug */ = {
			isa = XCBuildConfiguration;
			buildSettings = {
				ASSETCATALOG_COMPILER_APPICON_NAME = AppIcon;
				ASSETCATALOG_COMPILER_GLOBAL_ACCENT_COLOR_NAME = AccentColor;
				CODE_SIGN_STYLE = Automatic;
				CURRENT_PROJECT_VERSION = 1;
				DEVELOPMENT_TEAM = ZHTD373AVX;
				GENERATE_INFOPLIST_FILE = YES;
				INFOPLIST_FILE = macaroons/Info.plist;
				INFOPLIST_KEY_UIApplicationSupportsIndirectInputEvents = YES;
				INFOPLIST_KEY_UILaunchStoryboardName = LaunchScreen;
				INFOPLIST_KEY_UIMainStoryboardFile = Main;
				INFOPLIST_KEY_UISupportedInterfaceOrientations_iPad = "UIInterfaceOrientationPortrait UIInterfaceOrientationPortraitUpsideDown UIInterfaceOrientationLandscapeLeft UIInterfaceOrientationLandscapeRight";
				INFOPLIST_KEY_UISupportedInterfaceOrientations_iPhone = "UIInterfaceOrientationPortrait UIInterfaceOrientationLandscapeLeft UIInterfaceOrientationLandscapeRight";
				LD_RUNPATH_SEARCH_PATHS = (
					"$(inherited)",
					"@executable_path/Frameworks",
				);
				MARKETING_VERSION = 1.0;
				PRODUCT_BUNDLE_IDENTIFIER = com.cartel.macaroons;
				PRODUCT_NAME = "$(TARGET_NAME)";
				SWIFT_EMIT_LOC_STRINGS = YES;
				SWIFT_VERSION = 5.0;
				TARGETED_DEVICE_FAMILY = "1,2";
			};
			name = Debug;
		};
		9C20CFA527B141D500E24900 /* Release */ = {
			isa = XCBuildConfiguration;
			buildSettings = {
				ASSETCATALOG_COMPILER_APPICON_NAME = AppIcon;
				ASSETCATALOG_COMPILER_GLOBAL_ACCENT_COLOR_NAME = AccentColor;
				CODE_SIGN_STYLE = Automatic;
				CURRENT_PROJECT_VERSION = 1;
				DEVELOPMENT_TEAM = ZHTD373AVX;
				GENERATE_INFOPLIST_FILE = YES;
				INFOPLIST_FILE = macaroons/Info.plist;
				INFOPLIST_KEY_UIApplicationSupportsIndirectInputEvents = YES;
				INFOPLIST_KEY_UILaunchStoryboardName = LaunchScreen;
				INFOPLIST_KEY_UIMainStoryboardFile = Main;
				INFOPLIST_KEY_UISupportedInterfaceOrientations_iPad = "UIInterfaceOrientationPortrait UIInterfaceOrientationPortraitUpsideDown UIInterfaceOrientationLandscapeLeft UIInterfaceOrientationLandscapeRight";
				INFOPLIST_KEY_UISupportedInterfaceOrientations_iPhone = "UIInterfaceOrientationPortrait UIInterfaceOrientationLandscapeLeft UIInterfaceOrientationLandscapeRight";
				LD_RUNPATH_SEARCH_PATHS = (
					"$(inherited)",
					"@executable_path/Frameworks",
				);
				MARKETING_VERSION = 1.0;
				PRODUCT_BUNDLE_IDENTIFIER = com.cartel.macaroons;
				PRODUCT_NAME = "$(TARGET_NAME)";
				SWIFT_EMIT_LOC_STRINGS = YES;
				SWIFT_VERSION = 5.0;
				TARGETED_DEVICE_FAMILY = "1,2";
			};
			name = Release;
		};
/* End XCBuildConfiguration section */

/* Begin XCConfigurationList section */
		9C20CF8A27B141D300E24900 /* Build configuration list for PBXProject "macaroons" */ = {
			isa = XCConfigurationList;
			buildConfigurations = (
				9C20CFA127B141D500E24900 /* Debug */,
				9C20CFA227B141D500E24900 /* Release */,
			);
			defaultConfigurationIsVisible = 0;
			defaultConfigurationName = Release;
		};
		9C20CFA327B141D500E24900 /* Build configuration list for PBXNativeTarget "macaroons" */ = {
			isa = XCConfigurationList;
			buildConfigurations = (
				9C20CFA427B141D500E24900 /* Debug */,
				9C20CFA527B141D500E24900 /* Release */,
			);
			defaultConfigurationIsVisible = 0;
			defaultConfigurationName = Release;
		};
/* End XCConfigurationList section */
	};
	rootObject = 9C20CF8727B141D300E24900 /* Project object */;
}
